
Microsoft Visual Studio Solution File, Format Version 12.00
# Visual Studio Version 16
VisualStudioVersion = 16.0.31112.23
MinimumVisualStudioVersion = 10.0.40219.1
Project("{FAE04EC0-301F-11D3-BF4B-00C04F79EFBC}") = "Ex04.Menus.Interfaces", "Ex04.Menus.Interfaces\Ex04.Menus.Interfaces.csproj", "{B2853D35-0471-41A3-8FF5-83E4F1F91F7B}"
EndProject
Project("{FAE04EC0-301F-11D3-BF4B-00C04F79EFBC}") = "Ex04.Menus.Delegates", "Ex04.Menus.Delegates\Ex04.Menus.Delegates.csproj", "{DD2B875A-C428-47F8-8637-5134D17DB2A2}"
EndProject
Project("{FAE04EC0-301F-11D3-BF4B-00C04F79EFBC}") = "Ex04.Menus.Test", "Ex04.Menus.Test\Ex04.Menus.Test.csproj", "{F21B8C07-A950-4770-A919-4BBCDDFA5EFA}"
EndProject
Global
	GlobalSection(SolutionConfigurationPlatforms) = preSolution
		Debug|Any CPU = Debug|Any CPU
		Release|Any CPU = Release|Any CPU
	EndGlobalSection
	GlobalSection(ProjectConfigurationPlatforms) = postSolution
		{B2853D35-0471-41A3-8FF5-83E4F1F91F7B}.Debug|Any CPU.ActiveCfg = Debug|Any CPU
		{B2853D35-0471-41A3-8FF5-83E4F1F91F7B}.Debug|Any CPU.Build.0 = Debug|Any CPU
		{B2853D35-0471-41A3-8FF5-83E4F1F91F7B}.Release|Any CPU.ActiveCfg = Release|Any CPU
		{B2853D35-0471-41A3-8FF5-83E4F1F91F7B}.Release|Any CPU.Build.0 = Release|Any CPU
		{DD2B875A-C428-47F8-8637-5134D17DB2A2}.Debug|Any CPU.ActiveCfg = Debug|Any CPU
		{DD2B875A-C428-47F8-8637-5134D17DB2A2}.Debug|Any CPU.Build.0 = Debug|Any CPU
		{DD2B875A-C428-47F8-8637-5134D17DB2A2}.Release|Any CPU.ActiveCfg = Release|Any CPU
		{DD2B875A-C428-47F8-8637-5134D17DB2A2}.Release|Any CPU.Build.0 = Release|Any CPU
		{F21B8C07-A950-4770-A919-4BBCDDFA5EFA}.Debug|Any CPU.ActiveCfg = Debug|Any CPU
		{F21B8C07-A950-4770-A919-4BBCDDFA5EFA}.Debug|Any CPU.Build.0 = Debug|Any CPU
		{F21B8C07-A950-4770-A919-4BBCDDFA5EFA}.Release|Any CPU.ActiveCfg = Release|Any CPU
		{F21B8C07-A950-4770-A919-4BBCDDFA5EFA}.Release|Any CPU.Build.0 = Release|Any CPU
	EndGlobalSection
	GlobalSection(SolutionProperties) = preSolution
		HideSolutionNode = FALSE
	EndGlobalSection
	GlobalSection(ExtensibilityGlobals) = postSolution
		SolutionGuid = {3C59C43F-A5FC-4AB2-B480-E0DEC264A713}
	EndGlobalSection
EndGlobal
